
Microsoft Visual Studio Solution File, Format Version 12.00
# Visual Studio 15
VisualStudioVersion = 15.0.28010.2048
MinimumVisualStudioVersion = 10.0.40219.1
Project("{FAE04EC0-301F-11D3-BF4B-00C04F79EFBC}") = "13NOV18", "13NOV18\13NOV18.csproj", "{5B69BBAE-6F98-439E-97C6-E6A98E5A1E1D}"
EndProject
Global
	GlobalSection(SolutionConfigurationPlatforms) = preSolution
		Debug|Any CPU = Debug|Any CPU
		Release|Any CPU = Release|Any CPU
	EndGlobalSection
	GlobalSection(ProjectConfigurationPlatforms) = postSolution
		{5B69BBAE-6F98-439E-97C6-E6A98E5A1E1D}.Debug|Any CPU.ActiveCfg = Debug|Any CPU
		{5B69BBAE-6F98-439E-97C6-E6A98E5A1E1D}.Debug|Any CPU.Build.0 = Debug|Any CPU
		{5B69BBAE-6F98-439E-97C6-E6A98E5A1E1D}.Release|Any CPU.ActiveCfg = Release|Any CPU
		{5B69BBAE-6F98-439E-97C6-E6A98E5A1E1D}.Release|Any CPU.Build.0 = Release|Any CPU
	EndGlobalSection
	GlobalSection(SolutionProperties) = preSolution
		HideSolutionNode = FALSE
	EndGlobalSection
	GlobalSection(ExtensibilityGlobals) = postSolution
		SolutionGuid = {8AAF8FB7-7B05-443C-A27C-8748E5BB6EE9}
	EndGlobalSection
EndGlobal
