
Microsoft Visual Studio Solution File, Format Version 12.00
# Visual Studio 15
VisualStudioVersion = 15.0.28010.2048
MinimumVisualStudioVersion = 10.0.40219.1
Project("{FAE04EC0-301F-11D3-BF4B-00C04F79EFBC}") = "16novstatic", "16novstatic\16novstatic.csproj", "{BBFB9EC2-7CA6-46C7-B574-CFABDF655C54}"
EndProject
Global
	GlobalSection(SolutionConfigurationPlatforms) = preSolution
		Debug|Any CPU = Debug|Any CPU
		Release|Any CPU = Release|Any CPU
	EndGlobalSection
	GlobalSection(ProjectConfigurationPlatforms) = postSolution
		{BBFB9EC2-7CA6-46C7-B574-CFABDF655C54}.Debug|Any CPU.ActiveCfg = Debug|Any CPU
		{BBFB9EC2-7CA6-46C7-B574-CFABDF655C54}.Debug|Any CPU.Build.0 = Debug|Any CPU
		{BBFB9EC2-7CA6-46C7-B574-CFABDF655C54}.Release|Any CPU.ActiveCfg = Release|Any CPU
		{BBFB9EC2-7CA6-46C7-B574-CFABDF655C54}.Release|Any CPU.Build.0 = Release|Any CPU
	EndGlobalSection
	GlobalSection(SolutionProperties) = preSolution
		HideSolutionNode = FALSE
	EndGlobalSection
	GlobalSection(ExtensibilityGlobals) = postSolution
		SolutionGuid = {6F912BD6-2E53-4760-BA93-713C43373E06}
	EndGlobalSection
EndGlobal
