
Microsoft Visual Studio Solution File, Format Version 12.00
# Visual Studio 15
VisualStudioVersion = 15.0.28010.2048
MinimumVisualStudioVersion = 10.0.40219.1
Project("{FAE04EC0-301F-11D3-BF4B-00C04F79EFBC}") = "14nov18", "14nov18\14nov18.csproj", "{63349655-FECA-4D56-ADB8-6620BA518733}"
EndProject
Project("{2150E333-8FDC-42A3-9474-1A3956D46DE8}") = "Solution Items", "Solution Items", "{FF3D1700-1895-4455-BA3E-9ABE8B5FACA0}"
EndProject
Global
	GlobalSection(SolutionConfigurationPlatforms) = preSolution
		Debug|Any CPU = Debug|Any CPU
		Release|Any CPU = Release|Any CPU
	EndGlobalSection
	GlobalSection(ProjectConfigurationPlatforms) = postSolution
		{63349655-FECA-4D56-ADB8-6620BA518733}.Debug|Any CPU.ActiveCfg = Debug|Any CPU
		{63349655-FECA-4D56-ADB8-6620BA518733}.Debug|Any CPU.Build.0 = Debug|Any CPU
		{63349655-FECA-4D56-ADB8-6620BA518733}.Release|Any CPU.ActiveCfg = Release|Any CPU
		{63349655-FECA-4D56-ADB8-6620BA518733}.Release|Any CPU.Build.0 = Release|Any CPU
	EndGlobalSection
	GlobalSection(SolutionProperties) = preSolution
		HideSolutionNode = FALSE
	EndGlobalSection
	GlobalSection(ExtensibilityGlobals) = postSolution
		SolutionGuid = {6E7A762D-6AB4-44D8-AB2F-6E86AF2D5800}
	EndGlobalSection
EndGlobal
